{
  "version": 4,
  "terraform_version": "1.4.2",
  "serial": 20,
  "lineage": "94eb84ec-9569-3dd0-9c33-34adc6ed7252",
  "outputs": {},
  "resources": [
    {
      "mode": "managed",
      "type": "azurerm_linux_web_app",
      "name": "myfrontwebapp",
      "provider": "provider[\"registry.terraform.io/hashicorp/azurerm\"]",
      "instances": [
        {
          "schema_version": 0,
          "attributes": {
            "app_settings": {
              "WEBSITES_PORT": "80"
            },
            "auth_settings": [],
            "auth_settings_v2": [],
            "backup": [],
            "client_affinity_enabled": false,
            "client_certificate_enabled": false,
            "client_certificate_exclusion_paths": "",
            "client_certificate_mode": "Required",
            "connection_string": [],
            "custom_domain_verification_id": "11669E46204F1EEFC69A0AA448ED886D6CFF9D1C234DE8FD89DEF7AC9B3ED50C",
            "default_hostname": "myfrontwebapp.azurewebsites.net",
            "enabled": true,
            "https_only": false,
            "id": "/subscriptions/c57e6e0e-2168-4e3b-8469-7bfa54ba2fa6/resourceGroups/frontend_rg/providers/Microsoft.Web/sites/myfrontwebapp",
            "identity": [
              {
                "identity_ids": null,
                "principal_id": "9dbf5dfb-87db-45f2-a453-7d95dee2d872",
                "tenant_id": "58543b58-814e-4197-b896-3235f359b747",
                "type": "SystemAssigned"
              }
            ],
            "key_vault_reference_identity_id": "SystemAssigned",
            "kind": "app,linux,container",
            "location": "westeurope",
            "logs": [],
            "name": "myfrontwebapp",
            "outbound_ip_address_list": [
              "40.114.185.41",
              "40.114.185.88",
              "40.114.185.126",
              "40.114.185.199",
              "40.114.185.242",
              "40.114.186.57",
              "20.105.232.21"
            ],
            "outbound_ip_addresses": "40.114.185.41,40.114.185.88,40.114.185.126,40.114.185.199,40.114.185.242,40.114.186.57,20.105.232.21",
            "possible_outbound_ip_address_list": [
              "40.114.185.41",
              "40.114.185.88",
              "40.114.185.126",
              "40.114.185.199",
              "40.114.185.242",
              "40.114.186.57",
              "40.114.186.107",
              "40.114.186.212",
              "40.114.187.108",
              "40.114.189.7",
              "40.114.189.51",
              "40.114.190.3",
              "40.114.190.14",
              "40.114.190.121",
              "40.114.190.233",
              "40.114.191.30",
              "40.114.191.103",
              "40.114.191.178",
              "20.50.9.130",
              "20.50.9.136",
              "20.50.10.15",
              "40.114.187.92",
              "20.50.10.90",
              "20.50.10.179",
              "20.105.232.21"
            ],
            "possible_outbound_ip_addresses": "40.114.185.41,40.114.185.88,40.114.185.126,40.114.185.199,40.114.185.242,40.114.186.57,40.114.186.107,40.114.186.212,40.114.187.108,40.114.189.7,40.114.189.51,40.114.190.3,40.114.190.14,40.114.190.121,40.114.190.233,40.114.191.30,40.114.191.103,40.114.191.178,20.50.9.130,20.50.9.136,20.50.10.15,40.114.187.92,20.50.10.90,20.50.10.179,20.105.232.21",
            "resource_group_name": "frontend_rg",
            "service_plan_id": "/subscriptions/c57e6e0e-2168-4e3b-8469-7bfa54ba2fa6/resourceGroups/frontend_rg/providers/Microsoft.Web/serverfarms/frontend_plan",
            "site_config": [
              {
                "always_on": true,
                "api_definition_url": "",
                "api_management_api_id": "",
                "app_command_line": "npm start",
                "application_stack": [
                  {
                    "docker_image": "ghcr.io/arcanexus/api-demo-frontend",
                    "docker_image_tag": "latest",
                    "dotnet_version": "",
                    "go_version": "",
                    "java_server": "",
                    "java_server_version": "",
                    "java_version": "",
                    "node_version": "",
                    "php_version": "",
                    "python_version": "",
                    "ruby_version": ""
                  }
                ],
                "auto_heal_enabled": false,
                "auto_heal_setting": [],
                "container_registry_managed_identity_client_id": "",
                "container_registry_use_managed_identity": false,
                "cors": [],
                "default_documents": [
                  "Default.htm",
                  "Default.html",
                  "Default.asp",
                  "index.htm",
                  "index.html",
                  "iisstart.htm",
                  "default.aspx",
                  "index.php",
                  "hostingstart.html"
                ],
                "detailed_error_logging_enabled": false,
                "ftps_state": "Disabled",
                "health_check_eviction_time_in_min": 0,
                "health_check_path": "",
                "http2_enabled": false,
                "ip_restriction": [],
                "linux_fx_version": "DOCKER|ghcr.io/arcanexus/api-demo-frontend:latest",
                "load_balancing_mode": "LeastRequests",
                "local_mysql_enabled": false,
                "managed_pipeline_mode": "Integrated",
                "minimum_tls_version": "1.2",
                "remote_debugging_enabled": false,
                "remote_debugging_version": "VS2019",
                "scm_ip_restriction": [],
                "scm_minimum_tls_version": "1.2",
                "scm_type": "None",
                "scm_use_main_ip_restriction": false,
                "use_32_bit_worker": true,
                "vnet_route_all_enabled": false,
                "websockets_enabled": false,
                "worker_count": 1
              }
            ],
            "site_credential": [
              {
                "name": "$myfrontwebapp",
                "password": "oemPbFPn5Cuny5FFMiie2yobfkqbEZAJGfveTQt70KsBKm20HSlxTWLMQnRG"
              }
            ],
            "sticky_settings": [],
            "storage_account": [],
            "tags": {
              "etudiant": "MehdiBehira",
              "projet": "academy2023"
            },
            "timeouts": null,
            "virtual_network_subnet_id": "",
            "zip_deploy_file": ""
          },
          "sensitive_attributes": [],
          "private": "eyJlMmJmYjczMC1lY2FhLTExZTYtOGY4OC0zNDM2M2JjN2M0YzAiOnsiY3JlYXRlIjoxODAwMDAwMDAwMDAwLCJkZWxldGUiOjE4MDAwMDAwMDAwMDAsInJlYWQiOjMwMDAwMDAwMDAwMCwidXBkYXRlIjoxODAwMDAwMDAwMDAwfX0=",
          "dependencies": [
            "azurerm_resource_group.frontend_rg",
            "azurerm_service_plan.frontend_plan"
          ]
        }
      ]
    },
    {
      "mode": "managed",
      "type": "azurerm_resource_group",
      "name": "frontend_rg",
      "provider": "provider[\"registry.terraform.io/hashicorp/azurerm\"]",
      "instances": [
        {
          "schema_version": 0,
          "attributes": {
            "id": "/subscriptions/c57e6e0e-2168-4e3b-8469-7bfa54ba2fa6/resourceGroups/frontend_rg",
            "location": "westeurope",
            "name": "frontend_rg",
            "tags": {
              "etudiant": "MehdiBehira",
              "projet": "academy2023"
            },
            "timeouts": null
          },
          "sensitive_attributes": [],
          "private": "eyJlMmJmYjczMC1lY2FhLTExZTYtOGY4OC0zNDM2M2JjN2M0YzAiOnsiY3JlYXRlIjo1NDAwMDAwMDAwMDAwLCJkZWxldGUiOjU0MDAwMDAwMDAwMDAsInJlYWQiOjMwMDAwMDAwMDAwMCwidXBkYXRlIjo1NDAwMDAwMDAwMDAwfX0="
        }
      ]
    },
    {
      "mode": "managed",
      "type": "azurerm_service_plan",
      "name": "frontend_plan",
      "provider": "provider[\"registry.terraform.io/hashicorp/azurerm\"]",
      "instances": [
        {
          "schema_version": 0,
          "attributes": {
            "app_service_environment_id": "",
            "id": "/subscriptions/c57e6e0e-2168-4e3b-8469-7bfa54ba2fa6/resourceGroups/frontend_rg/providers/Microsoft.Web/serverfarms/frontend_plan",
            "kind": "linux",
            "location": "westeurope",
            "maximum_elastic_worker_count": 1,
            "name": "frontend_plan",
            "os_type": "Linux",
            "per_site_scaling_enabled": false,
            "reserved": true,
            "resource_group_name": "frontend_rg",
            "sku_name": "B1",
            "tags": {
              "etudiant": "MehdiBehira",
              "projet": "academy2023"
            },
            "timeouts": null,
            "worker_count": 1,
            "zone_balancing_enabled": false
          },
          "sensitive_attributes": [],
          "private": "eyJlMmJmYjczMC1lY2FhLTExZTYtOGY4OC0zNDM2M2JjN2M0YzAiOnsiY3JlYXRlIjozNjAwMDAwMDAwMDAwLCJkZWxldGUiOjM2MDAwMDAwMDAwMDAsInJlYWQiOjMwMDAwMDAwMDAwMCwidXBkYXRlIjozNjAwMDAwMDAwMDAwfX0=",
          "dependencies": [
            "azurerm_resource_group.frontend_rg"
          ]
        }
      ]
    }
  ],
  "check_results": null
}
